
Microsoft Visual Studio Solution File, Format Version 12.00
Project("{FAE04EC0-301F-11D3-BF4B-00C04F79EFBC}") = "ShapesLib", "ShapesLib\ShapesLib.csproj", "{03EC46CF-0F86-4E00-85B3-E9A4D0D825A1}"
EndProject
Project("{FAE04EC0-301F-11D3-BF4B-00C04F79EFBC}") = "ShapesLib.Test", "ShapesLib.Test\ShapesLib.Test.csproj", "{ED22686F-3F58-46B6-9C23-B57D6750F8B5}"
EndProject
Global
	GlobalSection(SolutionConfigurationPlatforms) = preSolution
		Debug|Any CPU = Debug|Any CPU
		Release|Any CPU = Release|Any CPU
	EndGlobalSection
	GlobalSection(ProjectConfigurationPlatforms) = postSolution
		{03EC46CF-0F86-4E00-85B3-E9A4D0D825A1}.Debug|Any CPU.ActiveCfg = Debug|Any CPU
		{03EC46CF-0F86-4E00-85B3-E9A4D0D825A1}.Debug|Any CPU.Build.0 = Debug|Any CPU
		{03EC46CF-0F86-4E00-85B3-E9A4D0D825A1}.Release|Any CPU.ActiveCfg = Release|Any CPU
		{03EC46CF-0F86-4E00-85B3-E9A4D0D825A1}.Release|Any CPU.Build.0 = Release|Any CPU
		{ED22686F-3F58-46B6-9C23-B57D6750F8B5}.Debug|Any CPU.ActiveCfg = Debug|Any CPU
		{ED22686F-3F58-46B6-9C23-B57D6750F8B5}.Debug|Any CPU.Build.0 = Debug|Any CPU
		{ED22686F-3F58-46B6-9C23-B57D6750F8B5}.Release|Any CPU.ActiveCfg = Release|Any CPU
		{ED22686F-3F58-46B6-9C23-B57D6750F8B5}.Release|Any CPU.Build.0 = Release|Any CPU
	EndGlobalSection
EndGlobal
